
Microsoft Visual Studio Solution File, Format Version 12.00
# Visual Studio Version 17
VisualStudioVersion = 17.8.34330.188
MinimumVisualStudioVersion = 10.0.40219.1
Project("{9A19103F-16F7-4668-BE54-9A1E7A4F7556}") = "Kinderworx.Pulumi.ComponentResources.AzFuncApp", "ComponentResource\Kinderworx.Pulumi.ComponentResources.AzFuncApp.csproj", "{CF4073DE-8F94-401A-8E06-45FC2F5FA96C}"
EndProject
Project("{9A19103F-16F7-4668-BE54-9A1E7A4F7556}") = "_build", "build\_build.csproj", "{0734AB6E-1810-439E-BE11-FA826764961B}"
EndProject
Project("{2150E333-8FDC-42A3-9474-1A3956D46DE8}") = "Solution Items", "Solution Items", "{E77238DA-A768-4364-9449-382D47FA91CC}"
	ProjectSection(SolutionItems) = preProject
		build\.editorconfig = build\.editorconfig
		.gitignore = .gitignore
		build.cmd = build.cmd
		build.ps1 = build.ps1
		build.sh = build.sh
		Directory.Build.props = Directory.Build.props
		cspell.json = cspell.json
		package-lock.json = package-lock.json
		package.json = package.json
		version.json = version.json
	EndProjectSection
EndProject
Global
	GlobalSection(SolutionConfigurationPlatforms) = preSolution
		Debug|Any CPU = Debug|Any CPU
		Release|Any CPU = Release|Any CPU
	EndGlobalSection
	GlobalSection(ProjectConfigurationPlatforms) = postSolution
		{CF4073DE-8F94-401A-8E06-45FC2F5FA96C}.Debug|Any CPU.ActiveCfg = Debug|Any CPU
		{CF4073DE-8F94-401A-8E06-45FC2F5FA96C}.Debug|Any CPU.Build.0 = Debug|Any CPU
		{CF4073DE-8F94-401A-8E06-45FC2F5FA96C}.Release|Any CPU.ActiveCfg = Release|Any CPU
		{CF4073DE-8F94-401A-8E06-45FC2F5FA96C}.Release|Any CPU.Build.0 = Release|Any CPU
		{0734AB6E-1810-439E-BE11-FA826764961B}.Debug|Any CPU.ActiveCfg = Debug|Any CPU
		{0734AB6E-1810-439E-BE11-FA826764961B}.Debug|Any CPU.Build.0 = Debug|Any CPU
		{0734AB6E-1810-439E-BE11-FA826764961B}.Release|Any CPU.ActiveCfg = Release|Any CPU
		{0734AB6E-1810-439E-BE11-FA826764961B}.Release|Any CPU.Build.0 = Release|Any CPU
	EndGlobalSection
	GlobalSection(SolutionProperties) = preSolution
		HideSolutionNode = FALSE
	EndGlobalSection
	GlobalSection(ExtensibilityGlobals) = postSolution
		SolutionGuid = {46DE049F-B058-4E2D-804D-DB80AB5DDD33}
	EndGlobalSection
EndGlobal
